// !$*UTF8*$!
{
	archiveVersion = 1;
	classes = {
	};
	objectVersion = 50;
	objects = {

/* Begin PBXBuildFile section */
		6C86E5BC26D5002F00B6E3E3 /* AppDelegate.swift in Sources */ = {isa = PBXBuildFile; fileRef = 6C86E5BB26D5002F00B6E3E3 /* AppDelegate.swift */; };
		6C86E5C026D5002F00B6E3E3 /* RecordViewController.swift in Sources */ = {isa = PBXBuildFile; fileRef = 6C86E5BF26D5002F00B6E3E3 /* RecordViewController.swift */; };
		6C86E5C526D5003200B6E3E3 /* Assets.xcassets in Resources */ = {isa = PBXBuildFile; fileRef = 6C86E5C426D5003200B6E3E3 /* Assets.xcassets */; };
		6C86E5C826D5003200B6E3E3 /* LaunchScreen.storyboard in Resources */ = {isa = PBXBuildFile; fileRef = 6C86E5C626D5003200B6E3E3 /* LaunchScreen.storyboard */; };
		6C86E5D126D5007C00B6E3E3 /* Main.storyboard in Resources */ = {isa = PBXBuildFile; fileRef = 6C86E5CF26D5007C00B6E3E3 /* Main.storyboard */; };
		6C86E5D526D52ECA00B6E3E3 /* VideoCompositionWriter.swift in Sources */ = {isa = PBXBuildFile; fileRef = 6C86E5D426D52ECA00B6E3E3 /* VideoCompositionWriter.swift */; };
		6C86E5D726D53BC700B6E3E3 /* MainViewController.swift in Sources */ = {isa = PBXBuildFile; fileRef = 6C86E5D626D53BC700B6E3E3 /* MainViewController.swift */; };
		6C86E5D926D589C500B6E3E3 /* Bill_Withers_Sunshine.mp3 in Resources */ = {isa = PBXBuildFile; fileRef = 6C86E5D826D589C500B6E3E3 /* Bill_Withers_Sunshine.mp3 */; };
/* End PBXBuildFile section */

/* Begin PBXFileReference section */
		6C86E5B826D5002F00B6E3E3 /* AVFoundationMyExample.app */ = {isa = PBXFileReference; explicitFileType = wrapper.application; includeInIndex = 0; path = AVFoundationMyExample.app; sourceTree = BUILT_PRODUCTS_DIR; };
		6C86E5BB26D5002F00B6E3E3 /* AppDelegate.swift */ = {isa = PBXFileReference; lastKnownFileType = sourcecode.swift; path = AppDelegate.swift; sourceTree = "<group>"; };
		6C86E5BF26D5002F00B6E3E3 /* RecordViewController.swift */ = {isa = PBXFileReference; lastKnownFileType = sourcecode.swift; path = RecordViewController.swift; sourceTree = "<group>"; };
		6C86E5C426D5003200B6E3E3 /* Assets.xcassets */ = {isa = PBXFileReference; lastKnownFileType = folder.assetcatalog; path = Assets.xcassets; sourceTree = "<group>"; };
		6C86E5C726D5003200B6E3E3 /* Base */ = {isa = PBXFileReference; lastKnownFileType = file.storyboard; name = Base; path = Base.lproj/LaunchScreen.storyboard; sourceTree = "<group>"; };
		6C86E5C926D5003200B6E3E3 /* Info.plist */ = {isa = PBXFileReference; lastKnownFileType = text.plist.xml; path = Info.plist; sourceTree = "<group>"; };
		6C86E5D026D5007C00B6E3E3 /* Base */ = {isa = PBXFileReference; lastKnownFileType = file.storyboard; name = Base; path = Base.lproj/Main.storyboard; sourceTree = "<group>"; };
		6C86E5D426D52ECA00B6E3E3 /* VideoCompositionWriter.swift */ = {isa = PBXFileReference; lastKnownFileType = sourcecode.swift; path = VideoCompositionWriter.swift; sourceTree = "<group>"; };
		6C86E5D626D53BC700B6E3E3 /* MainViewController.swift */ = {isa = PBXFileReference; lastKnownFileType = sourcecode.swift; path = MainViewController.swift; sourceTree = "<group>"; };
		6C86E5D826D589C500B6E3E3 /* Bill_Withers_Sunshine.mp3 */ = {isa = PBXFileReference; lastKnownFileType = audio.mp3; name = Bill_Withers_Sunshine.mp3; path = Assets.xcassets/Bill_Withers_Sunshine.mp3; sourceTree = "<group>"; };
/* End PBXFileReference section */

/* Begin PBXFrameworksBuildPhase section */
		6C86E5B526D5002F00B6E3E3 /* Frameworks */ = {
			isa = PBXFrameworksBuildPhase;
			buildActionMask = 2147483647;
			files = (
			);
			runOnlyForDeploymentPostprocessing = 0;
		};
/* End PBXFrameworksBuildPhase section */

/* Begin PBXGroup section */
		6C86E5AF26D5002E00B6E3E3 = {
			isa = PBXGroup;
			children = (
				6C86E5BA26D5002F00B6E3E3 /* AVFoundationMyExample */,
				6C86E5B926D5002F00B6E3E3 /* Products */,
			);
			sourceTree = "<group>";
		};
		6C86E5B926D5002F00B6E3E3 /* Products */ = {
			isa = PBXGroup;
			children = (
				6C86E5B826D5002F00B6E3E3 /* AVFoundationMyExample.app */,
			);
			name = Products;
			sourceTree = "<group>";
		};
		6C86E5BA26D5002F00B6E3E3 /* AVFoundationMyExample */ = {
			isa = PBXGroup;
			children = (
				6C86E5BB26D5002F00B6E3E3 /* AppDelegate.swift */,
				6C86E5D626D53BC700B6E3E3 /* MainViewController.swift */,
				6C86E5BF26D5002F00B6E3E3 /* RecordViewController.swift */,
				6C86E5CF26D5007C00B6E3E3 /* Main.storyboard */,
				6C86E5D426D52ECA00B6E3E3 /* VideoCompositionWriter.swift */,
				6C86E5C426D5003200B6E3E3 /* Assets.xcassets */,
				6C86E5D826D589C500B6E3E3 /* Bill_Withers_Sunshine.mp3 */,
				6C86E5C626D5003200B6E3E3 /* LaunchScreen.storyboard */,
				6C86E5C926D5003200B6E3E3 /* Info.plist */,
			);
			path = AVFoundationMyExample;
			sourceTree = "<group>";
		};
/* End PBXGroup section */

/* Begin PBXNativeTarget section */
		6C86E5B726D5002F00B6E3E3 /* AVFoundationMyExample */ = {
			isa = PBXNativeTarget;
			buildConfigurationList = 6C86E5CC26D5003200B6E3E3 /* Build configuration list for PBXNativeTarget "AVFoundationMyExample" */;
			buildPhases = (
				6C86E5B426D5002F00B6E3E3 /* Sources */,
				6C86E5B526D5002F00B6E3E3 /* Frameworks */,
				6C86E5B626D5002F00B6E3E3 /* Resources */,
			);
			buildRules = (
			);
			dependencies = (
			);
			name = AVFoundationMyExample;
			productName = AVFoundationMyExample;
			productReference = 6C86E5B826D5002F00B6E3E3 /* AVFoundationMyExample.app */;
			productType = "com.apple.product-type.application";
		};
/* End PBXNativeTarget section */

/* Begin PBXProject section */
		6C86E5B026D5002E00B6E3E3 /* Project object */ = {
			isa = PBXProject;
			attributes = {
				LastSwiftUpdateCheck = 1250;
				LastUpgradeCheck = 1250;
				TargetAttributes = {
					6C86E5B726D5002F00B6E3E3 = {
						CreatedOnToolsVersion = 12.5;
					};
				};
			};
			buildConfigurationList = 6C86E5B326D5002E00B6E3E3 /* Build configuration list for PBXProject "AVFoundationMyExample" */;
			compatibilityVersion = "Xcode 9.3";
			developmentRegion = en;
			hasScannedForEncodings = 0;
			knownRegions = (
				en,
				Base,
			);
			mainGroup = 6C86E5AF26D5002E00B6E3E3;
			productRefGroup = 6C86E5B926D5002F00B6E3E3 /* Products */;
			projectDirPath = "";
			projectRoot = "";
			targets = (
				6C86E5B726D5002F00B6E3E3 /* AVFoundationMyExample */,
			);
		};
/* End PBXProject section */

/* Begin PBXResourcesBuildPhase section */
		6C86E5B626D5002F00B6E3E3 /* Resources */ = {
			isa = PBXResourcesBuildPhase;
			buildActionMask = 2147483647;
			files = (
				6C86E5D126D5007C00B6E3E3 /* Main.storyboard in Resources */,
				6C86E5C826D5003200B6E3E3 /* LaunchScreen.storyboard in Resources */,
				6C86E5C526D5003200B6E3E3 /* Assets.xcassets in Resources */,
				6C86E5D926D589C500B6E3E3 /* Bill_Withers_Sunshine.mp3 in Resources */,
			);
			runOnlyForDeploymentPostprocessing = 0;
		};
/* End PBXResourcesBuildPhase section */

/* Begin PBXSourcesBuildPhase section */
		6C86E5B426D5002F00B6E3E3 /* Sources */ = {
			isa = PBXSourcesBuildPhase;
			buildActionMask = 2147483647;
			files = (
				6C86E5C026D5002F00B6E3E3 /* RecordViewController.swift in Sources */,
				6C86E5BC26D5002F00B6E3E3 /* AppDelegate.swift in Sources */,
				6C86E5D526D52ECA00B6E3E3 /* VideoCompositionWriter.swift in Sources */,
				6C86E5D726D53BC700B6E3E3 /* MainViewController.swift in Sources */,
			);
			runOnlyForDeploymentPostprocessing = 0;
		};
/* End PBXSourcesBuildPhase section */

/* Begin PBXVariantGroup section */
		6C86E5C626D5003200B6E3E3 /* LaunchScreen.storyboard */ = {
			isa = PBXVariantGroup;
			children = (
				6C86E5C726D5003200B6E3E3 /* Base */,
			);
			name = LaunchScreen.storyboard;
			sourceTree = "<group>";
		};
		6C86E5CF26D5007C00B6E3E3 /* Main.storyboard */ = {
			isa = PBXVariantGroup;
			children = (
				6C86E5D026D5007C00B6E3E3 /* Base */,
			);
			name = Main.storyboard;
			sourceTree = "<group>";
		};
/* End PBXVariantGroup section */

/* Begin XCBuildConfiguration section */
		6C86E5CA26D5003200B6E3E3 /* Debug */ = {
			isa = XCBuildConfiguration;
			buildSettings = {
				ALWAYS_SEARCH_USER_PATHS = NO;
				CLANG_ANALYZER_NONNULL = YES;
				CLANG_ANALYZER_NUMBER_OBJECT_CONVERSION = YES_AGGRESSIVE;
				CLANG_CXX_LANGUAGE_STANDARD = "gnu++14";
				CLANG_CXX_LIBRARY = "libc++";
				CLANG_ENABLE_MODULES = YES;
				CLANG_ENABLE_OBJC_ARC = YES;
				CLANG_ENABLE_OBJC_WEAK = YES;
				CLANG_WARN_BLOCK_CAPTURE_AUTORELEASING = YES;
				CLANG_WARN_BOOL_CONVERSION = YES;
				CLANG_WARN_COMMA = YES;
				CLANG_WARN_CONSTANT_CONVERSION = YES;
				CLANG_WARN_DEPRECATED_OBJC_IMPLEMENTATIONS = YES;
				CLANG_WARN_DIRECT_OBJC_ISA_USAGE = YES_ERROR;
				CLANG_WARN_DOCUMENTATION_COMMENTS = YES;
				CLANG_WARN_EMPTY_BODY = YES;
				CLANG_WARN_ENUM_CONVERSION = YES;
				CLANG_WARN_INFINITE_RECURSION = YES;
				CLANG_WARN_INT_CONVERSION = YES;
				CLANG_WARN_NON_LITERAL_NULL_CONVERSION = YES;
				CLANG_WARN_OBJC_IMPLICIT_RETAIN_SELF = YES;
				CLANG_WARN_OBJC_LITERAL_CONVERSION = YES;
				CLANG_WARN_OBJC_ROOT_CLASS = YES_ERROR;
				CLANG_WARN_QUOTED_INCLUDE_IN_FRAMEWORK_HEADER = YES;
				CLANG_WARN_RANGE_LOOP_ANALYSIS = YES;
				CLANG_WARN_STRICT_PROTOTYPES = YES;
				CLANG_WARN_SUSPICIOUS_MOVE = YES;
				CLANG_WARN_UNGUARDED_AVAILABILITY = YES_AGGRESSIVE;
				CLANG_WARN_UNREACHABLE_CODE = YES;
				CLANG_WARN__DUPLICATE_METHOD_MATCH = YES;
				COPY_PHASE_STRIP = NO;
				DEBUG_INFORMATION_FORMAT = dwarf;
				ENABLE_STRICT_OBJC_MSGSEND = YES;
				ENABLE_TESTABILITY = YES;
				GCC_C_LANGUAGE_STANDARD = gnu11;
				GCC_DYNAMIC_NO_PIC = NO;
				GCC_NO_COMMON_BLOCKS = YES;
				GCC_OPTIMIZATION_LEVEL = 0;
				GCC_PREPROCESSOR_DEFINITIONS = (
					"DEBUG=1",
					"$(inherited)",
				);
				GCC_WARN_64_TO_32_BIT_CONVERSION = YES;
				GCC_WARN_ABOUT_RETURN_TYPE = YES_ERROR;
				GCC_WARN_UNDECLARED_SELECTOR = YES;
				GCC_WARN_UNINITIALIZED_AUTOS = YES_AGGRESSIVE;
				GCC_WARN_UNUSED_FUNCTION = YES;
				GCC_WARN_UNUSED_VARIABLE = YES;
				IPHONEOS_DEPLOYMENT_TARGET = 12.1;
				MTL_ENABLE_DEBUG_INFO = INCLUDE_SOURCE;
				MTL_FAST_MATH = YES;
				ONLY_ACTIVE_ARCH = YES;
				SDKROOT = iphoneos;
				SWIFT_ACTIVE_COMPILATION_CONDITIONS = DEBUG;
				SWIFT_OPTIMIZATION_LEVEL = "-Onone";
			};
			name = Debug;
		};
		6C86E5CB26D5003200B6E3E3 /* Release */ = {
			isa = XCBuildConfiguration;
			buildSettings = {
				ALWAYS_SEARCH_USER_PATHS = NO;
				CLANG_ANALYZER_NONNULL = YES;
				CLANG_ANALYZER_NUMBER_OBJECT_CONVERSION = YES_AGGRESSIVE;
				CLANG_CXX_LANGUAGE_STANDARD = "gnu++14";
				CLANG_CXX_LIBRARY = "libc++";
				CLANG_ENABLE_MODULES = YES;
				CLANG_ENABLE_OBJC_ARC = YES;
				CLANG_ENABLE_OBJC_WEAK = YES;
				CLANG_WARN_BLOCK_CAPTURE_AUTORELEASING = YES;
				CLANG_WARN_BOOL_CONVERSION = YES;
				CLANG_WARN_COMMA = YES;
				CLANG_WARN_CONSTANT_CONVERSION = YES;
				CLANG_WARN_DEPRECATED_OBJC_IMPLEMENTATIONS = YES;
				CLANG_WARN_DIRECT_OBJC_ISA_USAGE = YES_ERROR;
				CLANG_WARN_DOCUMENTATION_COMMENTS = YES;
				CLANG_WARN_EMPTY_BODY = YES;
				CLANG_WARN_ENUM_CONVERSION = YES;
				CLANG_WARN_INFINITE_RECURSION = YES;
				CLANG_WARN_INT_CONVERSION = YES;
				CLANG_WARN_NON_LITERAL_NULL_CONVERSION = YES;
				CLANG_WARN_OBJC_IMPLICIT_RETAIN_SELF = YES;
				CLANG_WARN_OBJC_LITERAL_CONVERSION = YES;
				CLANG_WARN_OBJC_ROOT_CLASS = YES_ERROR;
				CLANG_WARN_QUOTED_INCLUDE_IN_FRAMEWORK_HEADER = YES;
				CLANG_WARN_RANGE_LOOP_ANALYSIS = YES;
				CLANG_WARN_STRICT_PROTOTYPES = YES;
				CLANG_WARN_SUSPICIOUS_MOVE = YES;
				CLANG_WARN_UNGUARDED_AVAILABILITY = YES_AGGRESSIVE;
				CLANG_WARN_UNREACHABLE_CODE = YES;
				CLANG_WARN__DUPLICATE_METHOD_MATCH = YES;
				COPY_PHASE_STRIP = NO;
				DEBUG_INFORMATION_FORMAT = "dwarf-with-dsym";
				ENABLE_NS_ASSERTIONS = NO;
				ENABLE_STRICT_OBJC_MSGSEND = YES;
				GCC_C_LANGUAGE_STANDARD = gnu11;
				GCC_NO_COMMON_BLOCKS = YES;
				GCC_WARN_64_TO_32_BIT_CONVERSION = YES;
				GCC_WARN_ABOUT_RETURN_TYPE = YES_ERROR;
				GCC_WARN_UNDECLARED_SELECTOR = YES;
				GCC_WARN_UNINITIALIZED_AUTOS = YES_AGGRESSIVE;
				GCC_WARN_UNUSED_FUNCTION = YES;
				GCC_WARN_UNUSED_VARIABLE = YES;
				IPHONEOS_DEPLOYMENT_TARGET = 12.1;
				MTL_ENABLE_DEBUG_INFO = NO;
				MTL_FAST_MATH = YES;
				SDKROOT = iphoneos;
				SWIFT_COMPILATION_MODE = wholemodule;
				SWIFT_OPTIMIZATION_LEVEL = "-O";
				VALIDATE_PRODUCT = YES;
			};
			name = Release;
		};
		6C86E5CD26D5003200B6E3E3 /* Debug */ = {
			isa = XCBuildConfiguration;
			buildSettings = {
				ASSETCATALOG_COMPILER_APPICON_NAME = AppIcon;
				ASSETCATALOG_COMPILER_GLOBAL_ACCENT_COLOR_NAME = AccentColor;
				CODE_SIGN_STYLE = Automatic;
				DEVELOPMENT_TEAM = H667QRM4K6;
				INFOPLIST_FILE = AVFoundationMyExample/Info.plist;
				IPHONEOS_DEPLOYMENT_TARGET = 12.1;
				LD_RUNPATH_SEARCH_PATHS = (
					"$(inherited)",
					"@executable_path/Frameworks",
				);
				PRODUCT_BUNDLE_IDENTIFIER = PoliubinEE.AVFoundationMyExample;
				PRODUCT_NAME = "$(TARGET_NAME)";
				SWIFT_VERSION = 5.0;
				TARGETED_DEVICE_FAMILY = 1;
			};
			name = Debug;
		};
		6C86E5CE26D5003200B6E3E3 /* Release */ = {
			isa = XCBuildConfiguration;
			buildSettings = {
				ASSETCATALOG_COMPILER_APPICON_NAME = AppIcon;
				ASSETCATALOG_COMPILER_GLOBAL_ACCENT_COLOR_NAME = AccentColor;
				CODE_SIGN_STYLE = Automatic;
				DEVELOPMENT_TEAM = H667QRM4K6;
				INFOPLIST_FILE = AVFoundationMyExample/Info.plist;
				IPHONEOS_DEPLOYMENT_TARGET = 12.1;
				LD_RUNPATH_SEARCH_PATHS = (
					"$(inherited)",
					"@executable_path/Frameworks",
				);
				PRODUCT_BUNDLE_IDENTIFIER = PoliubinEE.AVFoundationMyExample;
				PRODUCT_NAME = "$(TARGET_NAME)";
				SWIFT_VERSION = 5.0;
				TARGETED_DEVICE_FAMILY = 1;
			};
			name = Release;
		};
/* End XCBuildConfiguration section */

/* Begin XCConfigurationList section */
		6C86E5B326D5002E00B6E3E3 /* Build configuration list for PBXProject "AVFoundationMyExample" */ = {
			isa = XCConfigurationList;
			buildConfigurations = (
				6C86E5CA26D5003200B6E3E3 /* Debug */,
				6C86E5CB26D5003200B6E3E3 /* Release */,
			);
			defaultConfigurationIsVisible = 0;
			defaultConfigurationName = Release;
		};
		6C86E5CC26D5003200B6E3E3 /* Build configuration list for PBXNativeTarget "AVFoundationMyExample" */ = {
			isa = XCConfigurationList;
			buildConfigurations = (
				6C86E5CD26D5003200B6E3E3 /* Debug */,
				6C86E5CE26D5003200B6E3E3 /* Release */,
			);
			defaultConfigurationIsVisible = 0;
			defaultConfigurationName = Release;
		};
/* End XCConfigurationList section */
	};
	rootObject = 6C86E5B026D5002E00B6E3E3 /* Project object */;
}
